
Microsoft Visual Studio Solution File, Format Version 12.00
# Visual Studio 15
VisualStudioVersion = 15.0.26403.0
MinimumVisualStudioVersion = 10.0.40219.1
Project("{9092AA53-FB77-4645-B42D-1CCCA6BD08BD}") = "MathSteps-Ts", "MathSteps-Ts.njsproj", "{D741BB67-79E4-48AE-91FE-723AFEF84328}"
EndProject
Global
	GlobalSection(SolutionConfigurationPlatforms) = preSolution
		Debug|Any CPU = Debug|Any CPU
		Release|Any CPU = Release|Any CPU
	EndGlobalSection
	GlobalSection(ProjectConfigurationPlatforms) = postSolution
		{D741BB67-79E4-48AE-91FE-723AFEF84328}.Debug|Any CPU.ActiveCfg = Debug|Any CPU
		{D741BB67-79E4-48AE-91FE-723AFEF84328}.Debug|Any CPU.Build.0 = Debug|Any CPU
		{D741BB67-79E4-48AE-91FE-723AFEF84328}.Release|Any CPU.ActiveCfg = Release|Any CPU
		{D741BB67-79E4-48AE-91FE-723AFEF84328}.Release|Any CPU.Build.0 = Release|Any CPU
	EndGlobalSection
	GlobalSection(SolutionProperties) = preSolution
		HideSolutionNode = FALSE
	EndGlobalSection
EndGlobal
