{
  "name": "@taskbase/mathsteps",
  "version": "1.0.0",
  "lockfileVersion": 1,
  "requires": true,
  "dependencies": {
    "complex.js": {
      "version": "2.0.1",
      "resolved": "https://registry.npmjs.org/complex.js/-/complex.js-2.0.1.tgz",
      "integrity": "sha1-6pDHoFrs6vOjdtLA9qeEIXJ9aHk="
    },
    "decimal.js": {
      "version": "7.1.1",
      "resolved": "https://registry.npmjs.org/decimal.js/-/decimal.js-7.1.1.tgz",
      "integrity": "sha1-GtytfXDXqRxCbXVvHrZWbDvmy88="
    },
    "fraction.js": {
      "version": "4.0.0",
      "resolved": "https://registry.npmjs.org/fraction.js/-/fraction.js-4.0.0.tgz",
      "integrity": "sha1-c5dOL4tR73CVNtYkzJB4Liu2EnQ="
    },
    "mathjs": {
      "version": "3.11.2",
      "resolved": "https://registry.npmjs.org/mathjs/-/mathjs-3.11.2.tgz",
      "integrity": "sha1-0spyPX6SVMxY0UIaWmHYz6yP9kI=",
      "requires": {
        "complex.js": "2.0.1",
        "decimal.js": "7.1.1",
        "fraction.js": "4.0.0",
        "seed-random": "2.2.0",
        "tiny-emitter": "1.0.2",
        "typed-function": "0.10.5"
      }
    },
    "seed-random": {
      "version": "2.2.0",
      "resolved": "https://registry.npmjs.org/seed-random/-/seed-random-2.2.0.tgz",
      "integrity": "sha1-KpsZ4lCoFwmSMaW5mk2vgLf77VQ="
    },
    "tiny-emitter": {
      "version": "1.0.2",
      "resolved": "https://registry.npmjs.org/tiny-emitter/-/tiny-emitter-1.0.2.tgz",
      "integrity": "sha1-jklHDT9V+J4kchA2imu5+1GqFgE="
    },
    "typed-function": {
      "version": "0.10.5",
      "resolved": "https://registry.npmjs.org/typed-function/-/typed-function-0.10.5.tgz",
      "integrity": "sha1-Lg8Yq9BlIZ+raUpEamXG0ZgYMsA="
    }
  }
}
